<?xml version="1.0" encoding="utf-8"?>
<Project ToolsVersion="4.0" xmlns="http://schemas.microsoft.com/developer/msbuild/2003">
  <ItemGroup>
    <Filter Include="Source Files">
      <UniqueIdentifier>{4FC737F1-C7A5-4376-A066-2A32D752A2FF}</UniqueIdentifier>
      <Extensions>cpp;c;cc;cxx;def;odl;idl;hpj;bat;asm;asmx</Extensions>
    </Filter>
    <Filter Include="Header Files">
      <UniqueIdentifier>{93995380-89BD-4b04-88EB-625FBE52EBFB}</UniqueIdentifier>
      <Extensions>h;hh;hpp;hxx;hm;inl;inc;xsd</Extensions>
    </Filter>
    <Filter Include="Resource Files">
      <UniqueIdentifier>{67DA6AB6-F800-4c08-8B7A-83BB121AAD01}</UniqueIdentifier>
      <Extensions>rc;ico;cur;bmp;dlg;rc2;rct;bin;rgs;gif;jpg;jpeg;jpe;resx;tiff;tif;png;wav</Extensions>
    </Filter>
  </ItemGroup>
  <ItemGroup>
    <ClCompile Include="converter.cpp">
      <Filter>Source Files</Filter>
    </ClCompile>
    <ClCompile Include="language.cpp">
      <Filter>Source Files</Filter>
    </ClCompile>
    <ClCompile Include="xxx.cpp">
      <Filter>Source Files</Filter>
    </ClCompile>
  </ItemGroup>
  <ItemGroup>
    <ClInclude Include="translator.h">
      <Filter>Header Files</Filter>
    </ClInclude>
    <ClInclude Include="language.h">
      <Filter>Header Files</Filter>
    </ClInclude>
    <ClInclude Include="translator_cz.h">
      <Filter>Header Files</Filter>
    </ClInclude>
    <ClInclude Include="translator_de.h">
      <Filter>Header Files</Filter>
    </ClInclude>
    <ClInclude Include="translator_en.h">
      <Filter>Header Files</Filter>
    </ClInclude>
    <ClInclude Include="classdef.h">
      <Filter>Header Files</Filter>
    </ClInclude>
    <ClInclude Include="translator_adapter.h">
      <Filter>Header Files</Filter>
    </ClInclude>
    <ClInclude Include="xxx.h">
      <Filter>Header Files</Filter>
    </ClInclude>
    <ClInclude Include="qcstring.h">
      <Filter>Header Files</Filter>
    </ClInclude>
    <ClInclude Include="translator_am.h">
      <Filter>Header Files</Filter>
    </ClInclude>
    <ClInclude Include="translator_ar.h">
      <Filter>Header Files</Filter>
    </ClInclude>
    <ClInclude Include="translator_za.h">
      <Filter>Header Files</Filter>
    </ClInclude>
    <ClInclude Include="translator_br.h">
      <Filter>Header Files</Filter>
    </ClInclude>
    <ClInclude Include="translator_ca.h">
      <Filter>Header Files</Filter>
    </ClInclude>
    <ClInclude Include="translator_cn.h">
      <Filter>Header Files</Filter>
    </ClInclude>
    <ClInclude Include="translator_dk.h">
      <Filter>Header Files</Filter>
    </ClInclude>
    <ClInclude Include="translator_eo.h">
      <Filter>Header Files</Filter>
    </ClInclude>
    <ClInclude Include="translator_es.h">
      <Filter>Header Files</Filter>
    </ClInclude>
    <ClInclude Include="translator_fa.h">
      <Filter>Header Files</Filter>
    </ClInclude>
    <ClInclude Include="translator_fi.h">
      <Filter>Header Files</Filter>
    </ClInclude>
    <ClInclude Include="translator_fr.h">
      <Filter>Header Files</Filter>
    </ClInclude>
    <ClInclude Include="translator_gr.h">
      <Filter>Header Files</Filter>
    </ClInclude>
    <ClInclude Include="translator_hr.h">
      <Filter>Header Files</Filter>
    </ClInclude>
    <ClInclude Include="translator_hu.h">
      <Filter>Header Files</Filter>
    </ClInclude>
    <ClInclude Include="translator_id.h">
      <Filter>Header Files</Filter>
    </ClInclude>
    <ClInclude Include="translator_it.h">
      <Filter>Header Files</Filter>
    </ClInclude>
    <ClInclude Include="translator_je.h">
      <Filter>Header Files</Filter>
    </ClInclude>
    <ClInclude Include="translator_jp.h">
      <Filter>Header Files</Filter>
    </ClInclude>
    <ClInclude Include="translator_ke.h">
      <Filter>Header Files</Filter>
    </ClInclude>
    <ClInclude Include="translator_kr.h">
      <Filter>Header Files</Filter>
    </ClInclude>
    <ClInclude Include="translator_lt.h">
      <Filter>Header Files</Filter>
    </ClInclude>
    <ClInclude Include="translator_lv.h">
      <Filter>Header Files</Filter>
    </ClInclude>
    <ClInclude Include="translator_mk.h">
      <Filter>Header Files</Filter>
    </ClInclude>
    <ClInclude Include="translator_nl.h">
      <Filter>Header Files</Filter>
    </ClInclude>
    <ClInclude Include="translator_no.h">
      <Filter>Header Files</Filter>
    </ClInclude>
    <ClInclude Include="translator_pl.h">
      <Filter>Header Files</Filter>
    </ClInclude>
    <ClInclude Include="translator_pt.h">
      <Filter>Header Files</Filter>
    </ClInclude>
    <ClInclude Include="translator_ro.h">
      <Filter>Header Files</Filter>
    </ClInclude>
    <ClInclude Include="translator_ru.h">
      <Filter>Header Files</Filter>
    </ClInclude>
    <ClInclude Include="translator_sc.h">
      <Filter>Header Files</Filter>
    </ClInclude>
    <ClInclude Include="translator_si.h">
      <Filter>Header Files</Filter>
    </ClInclude>
    <ClInclude Include="translator_sk.h">
      <Filter>Header Files</Filter>
    </ClInclude>
    <ClInclude Include="translator_sr.h">
      <Filter>Header Files</Filter>
    </ClInclude>
    <ClInclude Include="translator_sv.h">
      <Filter>Header Files</Filter>
    </ClInclude>
    <ClInclude Include="translator_tr.h">
      <Filter>Header Files</Filter>
    </ClInclude>
    <ClInclude Include="translator_tw.h">
      <Filter>Header Files</Filter>
    </ClInclude>
    <ClInclude Include="translator_ua.h">
      <Filter>Header Files</Filter>
    </ClInclude>
    <ClInclude Include="translator_vi.h">
      <Filter>Header Files</Filter>
    </ClInclude>
  </ItemGroup>
</Project>